// !$*UTF8*$!
{
	archiveVersion = 1;
	classes = {
	};
	objectVersion = 55;
	objects = {

/* Begin PBXBuildFile section */
		0CECD2E82179830BB9D08F29 /* Pods_MamaKitchenApp_MamaKitchenAppUITests.framework in Frameworks */ = {isa = PBXBuildFile; fileRef = 0EF4F2DE1240BAE6C115B18D /* Pods_MamaKitchenApp_MamaKitchenAppUITests.framework */; };
		A55C8C23E2C793B942D58748 /* Pods_MamaKitchenAppTests.framework in Frameworks */ = {isa = PBXBuildFile; fileRef = 4ED74C68D1A7673D7FC817B1 /* Pods_MamaKitchenAppTests.framework */; };
		A61C1CDA28E24435005FD708 /* TabbarViewController.swift in Sources */ = {isa = PBXBuildFile; fileRef = A61C1CD928E24434005FD708 /* TabbarViewController.swift */; };
		A65935A828E4EFC3004A5A83 /* StringExtension.swift in Sources */ = {isa = PBXBuildFile; fileRef = A65935A728E4EFC3004A5A83 /* StringExtension.swift */; };
		A65935AB28E4F5F1004A5A83 /* SettinngsViewController.swift in Sources */ = {isa = PBXBuildFile; fileRef = A65935AA28E4F5F1004A5A83 /* SettinngsViewController.swift */; };
		A65935AD28E50353004A5A83 /* SettingsData.swift in Sources */ = {isa = PBXBuildFile; fileRef = A65935AC28E50353004A5A83 /* SettingsData.swift */; };
		A65935AF28E505B4004A5A83 /* Constant.swift in Sources */ = {isa = PBXBuildFile; fileRef = A65935AE28E505B4004A5A83 /* Constant.swift */; };
		A65935B328E50AD4004A5A83 /* HomeViewController.swift in Sources */ = {isa = PBXBuildFile; fileRef = A65935B228E50AD4004A5A83 /* HomeViewController.swift */; };
		A65935B528E50AF1004A5A83 /* OrdersViewController.swift in Sources */ = {isa = PBXBuildFile; fileRef = A65935B428E50AF1004A5A83 /* OrdersViewController.swift */; };
		A65935B928E51B06004A5A83 /* AboutUsViewController.swift in Sources */ = {isa = PBXBuildFile; fileRef = A65935B828E51B06004A5A83 /* AboutUsViewController.swift */; };
		A66F549228E108DD00AA29A0 /* AppDelegate.swift in Sources */ = {isa = PBXBuildFile; fileRef = A66F548628E108DC00AA29A0 /* AppDelegate.swift */; };
		A66F549328E108DD00AA29A0 /* Authentication.storyboard in Resources */ = {isa = PBXBuildFile; fileRef = A66F548728E108DC00AA29A0 /* Authentication.storyboard */; };
		A66F549628E108DD00AA29A0 /* SceneDelegate.swift in Sources */ = {isa = PBXBuildFile; fileRef = A66F548A28E108DC00AA29A0 /* SceneDelegate.swift */; };
		A66F549A28E108DD00AA29A0 /* SpalchScreen.swift in Sources */ = {isa = PBXBuildFile; fileRef = A66F548E28E108DC00AA29A0 /* SpalchScreen.swift */; };
		A66F54A428E10A4400AA29A0 /* URLRequests.swift in Sources */ = {isa = PBXBuildFile; fileRef = A66F54A228E10A4400AA29A0 /* URLRequests.swift */; };
		A66F54A528E10A4400AA29A0 /* ErrorMessage.swift in Sources */ = {isa = PBXBuildFile; fileRef = A66F54A328E10A4400AA29A0 /* ErrorMessage.swift */; };
		A66F54AD28E10A6B00AA29A0 /* UITextFieldExtension.swift in Sources */ = {isa = PBXBuildFile; fileRef = A66F54A728E10A6B00AA29A0 /* UITextFieldExtension.swift */; };
		A66F54AE28E10A6B00AA29A0 /* UILabelExtension.swift in Sources */ = {isa = PBXBuildFile; fileRef = A66F54A828E10A6B00AA29A0 /* UILabelExtension.swift */; };
		A66F54AF28E10A6B00AA29A0 /* UIViewControllerExtension.swift in Sources */ = {isa = PBXBuildFile; fileRef = A66F54A928E10A6B00AA29A0 /* UIViewControllerExtension.swift */; };
		A66F54B028E10A6B00AA29A0 /* UIButtonExtension.swift in Sources */ = {isa = PBXBuildFile; fileRef = A66F54AA28E10A6B00AA29A0 /* UIButtonExtension.swift */; };
		A66F54B128E10A6B00AA29A0 /* UIColorExtension.swift in Sources */ = {isa = PBXBuildFile; fileRef = A66F54AB28E10A6B00AA29A0 /* UIColorExtension.swift */; };
		A66F54B228E10A6B00AA29A0 /* UIViewExtension.swift in Sources */ = {isa = PBXBuildFile; fileRef = A66F54AC28E10A6B00AA29A0 /* UIViewExtension.swift */; };
		A66F54B528E10A8300AA29A0 /* Router.swift in Sources */ = {isa = PBXBuildFile; fileRef = A66F54B428E10A8300AA29A0 /* Router.swift */; };
		A66F54B828E10A9B00AA29A0 /* AuthServerResponseModels.swift in Sources */ = {isa = PBXBuildFile; fileRef = A66F54B728E10A9B00AA29A0 /* AuthServerResponseModels.swift */; };
		A66F54BD28E10AB900AA29A0 /* SignInData.swift in Sources */ = {isa = PBXBuildFile; fileRef = A66F54BB28E10AB900AA29A0 /* SignInData.swift */; };
		A66F54BE28E10AB900AA29A0 /* SignInViewController.swift in Sources */ = {isa = PBXBuildFile; fileRef = A66F54BC28E10AB900AA29A0 /* SignInViewController.swift */; };
		A66F54C128E10ADE00AA29A0 /* AuthenticationService.swift in Sources */ = {isa = PBXBuildFile; fileRef = A66F54C028E10ADE00AA29A0 /* AuthenticationService.swift */; };
		A66F54C528E10AF900AA29A0 /* CustomTextField.swift in Sources */ = {isa = PBXBuildFile; fileRef = A66F54C328E10AF900AA29A0 /* CustomTextField.swift */; };
		A66F54C628E10AF900AA29A0 /* Validators.swift in Sources */ = {isa = PBXBuildFile; fileRef = A66F54C428E10AF900AA29A0 /* Validators.swift */; };
		A66F54CA28E1134500AA29A0 /* VerificationData.swift in Sources */ = {isa = PBXBuildFile; fileRef = A66F54C928E1134500AA29A0 /* VerificationData.swift */; };
		A66F54CC28E1135A00AA29A0 /* VerificationViewController.swift in Sources */ = {isa = PBXBuildFile; fileRef = A66F54CB28E1135A00AA29A0 /* VerificationViewController.swift */; };
		A66F54CE28E11E3A00AA29A0 /* AccountManager.swift in Sources */ = {isa = PBXBuildFile; fileRef = A66F54CD28E11E3A00AA29A0 /* AccountManager.swift */; };
		A66F54D128E123D000AA29A0 /* RegisterData.swift in Sources */ = {isa = PBXBuildFile; fileRef = A66F54D028E123D000AA29A0 /* RegisterData.swift */; };
		A66F54D328E123E200AA29A0 /* RegisterViewController.swift in Sources */ = {isa = PBXBuildFile; fileRef = A66F54D228E123E200AA29A0 /* RegisterViewController.swift */; };
		A677655A28E9E5D6008A947A /* ContactUsViewController.swift in Sources */ = {isa = PBXBuildFile; fileRef = A677655928E9E5D6008A947A /* ContactUsViewController.swift */; };
		A677655C28EA1086008A947A /* SourceEnum.swift in Sources */ = {isa = PBXBuildFile; fileRef = A677655B28EA1086008A947A /* SourceEnum.swift */; };
		A677655E28EA1111008A947A /* ProfileServerResponseModel.swift in Sources */ = {isa = PBXBuildFile; fileRef = A677655D28EA1111008A947A /* ProfileServerResponseModel.swift */; };
		A677656028EA1243008A947A /* ProfileService.swift in Sources */ = {isa = PBXBuildFile; fileRef = A677655F28EA1243008A947A /* ProfileService.swift */; };
		A677656428EA1802008A947A /* HomeData.swift in Sources */ = {isa = PBXBuildFile; fileRef = A677656328EA1802008A947A /* HomeData.swift */; };
		A67DF5BC28F3021900BC991B /* FoodService.swift in Sources */ = {isa = PBXBuildFile; fileRef = A67DF5BB28F3021900BC991B /* FoodService.swift */; };
		A67DF5BE28F3028700BC991B /* FoodServerResponseModel.swift in Sources */ = {isa = PBXBuildFile; fileRef = A67DF5BD28F3028700BC991B /* FoodServerResponseModel.swift */; };
		A67E318528E12E99003D6DEA /* UIImageViewExtension.swift in Sources */ = {isa = PBXBuildFile; fileRef = A67E318428E12E99003D6DEA /* UIImageViewExtension.swift */; };
		A6E4C64928E107AD0072F108 /* Main.storyboard in Resources */ = {isa = PBXBuildFile; fileRef = A6E4C64728E107AD0072F108 /* Main.storyboard */; };
		A6E4C64B28E107AE0072F108 /* Assets.xcassets in Resources */ = {isa = PBXBuildFile; fileRef = A6E4C64A28E107AE0072F108 /* Assets.xcassets */; };
		A6E4C64E28E107AE0072F108 /* LaunchScreen.storyboard in Resources */ = {isa = PBXBuildFile; fileRef = A6E4C64C28E107AE0072F108 /* LaunchScreen.storyboard */; };
		A6E4C65928E107AF0072F108 /* MamaKitchenAppTests.swift in Sources */ = {isa = PBXBuildFile; fileRef = A6E4C65828E107AF0072F108 /* MamaKitchenAppTests.swift */; };
		A6E4C66328E107AF0072F108 /* MamaKitchenAppUITests.swift in Sources */ = {isa = PBXBuildFile; fileRef = A6E4C66228E107AF0072F108 /* MamaKitchenAppUITests.swift */; };
		A6E4C66528E107AF0072F108 /* MamaKitchenAppUITestsLaunchTests.swift in Sources */ = {isa = PBXBuildFile; fileRef = A6E4C66428E107AF0072F108 /* MamaKitchenAppUITestsLaunchTests.swift */; };
		BE13A28AF6675BE2D3F8FFFF /* Pods_MamaKitchenApp.framework in Frameworks */ = {isa = PBXBuildFile; fileRef = 2B21D1AFEE264924EDBFF94A /* Pods_MamaKitchenApp.framework */; };
/* End PBXBuildFile section */

/* Begin PBXContainerItemProxy section */
		A6E4C65528E107AF0072F108 /* PBXContainerItemProxy */ = {
			isa = PBXContainerItemProxy;
			containerPortal = A6E4C63628E107AD0072F108 /* Project object */;
			proxyType = 1;
			remoteGlobalIDString = A6E4C63D28E107AD0072F108;
			remoteInfo = MamaKitchenApp;
		};
		A6E4C65F28E107AF0072F108 /* PBXContainerItemProxy */ = {
			isa = PBXContainerItemProxy;
			containerPortal = A6E4C63628E107AD0072F108 /* Project object */;
			proxyType = 1;
			remoteGlobalIDString = A6E4C63D28E107AD0072F108;
			remoteInfo = MamaKitchenApp;
		};
/* End PBXContainerItemProxy section */

/* Begin PBXFileReference section */
		0EF4F2DE1240BAE6C115B18D /* Pods_MamaKitchenApp_MamaKitchenAppUITests.framework */ = {isa = PBXFileReference; explicitFileType = wrapper.framework; includeInIndex = 0; path = Pods_MamaKitchenApp_MamaKitchenAppUITests.framework; sourceTree = BUILT_PRODUCTS_DIR; };
		1029A7EEC8D508CD2AF40683 /* Pods-MamaKitchenApp.debug.xcconfig */ = {isa = PBXFileReference; includeInIndex = 1; lastKnownFileType = text.xcconfig; name = "Pods-MamaKitchenApp.debug.xcconfig"; path = "Target Support Files/Pods-MamaKitchenApp/Pods-MamaKitchenApp.debug.xcconfig"; sourceTree = "<group>"; };
		216D84A195552A022BFB032C /* Pods-MamaKitchenApp-MamaKitchenAppUITests.release.xcconfig */ = {isa = PBXFileReference; includeInIndex = 1; lastKnownFileType = text.xcconfig; name = "Pods-MamaKitchenApp-MamaKitchenAppUITests.release.xcconfig"; path = "Target Support Files/Pods-MamaKitchenApp-MamaKitchenAppUITests/Pods-MamaKitchenApp-MamaKitchenAppUITests.release.xcconfig"; sourceTree = "<group>"; };
		2B21D1AFEE264924EDBFF94A /* Pods_MamaKitchenApp.framework */ = {isa = PBXFileReference; explicitFileType = wrapper.framework; includeInIndex = 0; path = Pods_MamaKitchenApp.framework; sourceTree = BUILT_PRODUCTS_DIR; };
		3280D16C067FA90D4D73E128 /* Pods-MamaKitchenApp.release.xcconfig */ = {isa = PBXFileReference; includeInIndex = 1; lastKnownFileType = text.xcconfig; name = "Pods-MamaKitchenApp.release.xcconfig"; path = "Target Support Files/Pods-MamaKitchenApp/Pods-MamaKitchenApp.release.xcconfig"; sourceTree = "<group>"; };
		4ED74C68D1A7673D7FC817B1 /* Pods_MamaKitchenAppTests.framework */ = {isa = PBXFileReference; explicitFileType = wrapper.framework; includeInIndex = 0; path = Pods_MamaKitchenAppTests.framework; sourceTree = BUILT_PRODUCTS_DIR; };
		670DBDD6F1C189C7BA1B0C96 /* Pods-MamaKitchenApp-MamaKitchenAppUITests.debug.xcconfig */ = {isa = PBXFileReference; includeInIndex = 1; lastKnownFileType = text.xcconfig; name = "Pods-MamaKitchenApp-MamaKitchenAppUITests.debug.xcconfig"; path = "Target Support Files/Pods-MamaKitchenApp-MamaKitchenAppUITests/Pods-MamaKitchenApp-MamaKitchenAppUITests.debug.xcconfig"; sourceTree = "<group>"; };
		983F1BBD67C58F1A6407550F /* Pods-MamaKitchenAppTests.release.xcconfig */ = {isa = PBXFileReference; includeInIndex = 1; lastKnownFileType = text.xcconfig; name = "Pods-MamaKitchenAppTests.release.xcconfig"; path = "Target Support Files/Pods-MamaKitchenAppTests/Pods-MamaKitchenAppTests.release.xcconfig"; sourceTree = "<group>"; };
		A61C1CD928E24434005FD708 /* TabbarViewController.swift */ = {isa = PBXFileReference; lastKnownFileType = sourcecode.swift; path = TabbarViewController.swift; sourceTree = "<group>"; };
		A65935A728E4EFC3004A5A83 /* StringExtension.swift */ = {isa = PBXFileReference; lastKnownFileType = sourcecode.swift; path = StringExtension.swift; sourceTree = "<group>"; };
		A65935AA28E4F5F1004A5A83 /* SettinngsViewController.swift */ = {isa = PBXFileReference; lastKnownFileType = sourcecode.swift; path = SettinngsViewController.swift; sourceTree = "<group>"; };
		A65935AC28E50353004A5A83 /* SettingsData.swift */ = {isa = PBXFileReference; lastKnownFileType = sourcecode.swift; path = SettingsData.swift; sourceTree = "<group>"; };
		A65935AE28E505B4004A5A83 /* Constant.swift */ = {isa = PBXFileReference; lastKnownFileType = sourcecode.swift; path = Constant.swift; sourceTree = "<group>"; };
		A65935B228E50AD4004A5A83 /* HomeViewController.swift */ = {isa = PBXFileReference; lastKnownFileType = sourcecode.swift; path = HomeViewController.swift; sourceTree = "<group>"; };
		A65935B428E50AF1004A5A83 /* OrdersViewController.swift */ = {isa = PBXFileReference; lastKnownFileType = sourcecode.swift; path = OrdersViewController.swift; sourceTree = "<group>"; };
		A65935B828E51B06004A5A83 /* AboutUsViewController.swift */ = {isa = PBXFileReference; lastKnownFileType = sourcecode.swift; path = AboutUsViewController.swift; sourceTree = "<group>"; };
		A66F548528E108DC00AA29A0 /* MamaKitchenApp-Bridging-Header.h */ = {isa = PBXFileReference; lastKnownFileType = sourcecode.c.h; path = "MamaKitchenApp-Bridging-Header.h"; sourceTree = "<group>"; };
		A66F548628E108DC00AA29A0 /* AppDelegate.swift */ = {isa = PBXFileReference; fileEncoding = 4; lastKnownFileType = sourcecode.swift; path = AppDelegate.swift; sourceTree = "<group>"; };
		A66F548728E108DC00AA29A0 /* Authentication.storyboard */ = {isa = PBXFileReference; fileEncoding = 4; lastKnownFileType = file.storyboard; path = Authentication.storyboard; sourceTree = "<group>"; };
		A66F548A28E108DC00AA29A0 /* SceneDelegate.swift */ = {isa = PBXFileReference; fileEncoding = 4; lastKnownFileType = sourcecode.swift; path = SceneDelegate.swift; sourceTree = "<group>"; };
		A66F548E28E108DC00AA29A0 /* SpalchScreen.swift */ = {isa = PBXFileReference; fileEncoding = 4; lastKnownFileType = sourcecode.swift; path = SpalchScreen.swift; sourceTree = "<group>"; };
		A66F54A228E10A4400AA29A0 /* URLRequests.swift */ = {isa = PBXFileReference; fileEncoding = 4; lastKnownFileType = sourcecode.swift; path = URLRequests.swift; sourceTree = "<group>"; };
		A66F54A328E10A4400AA29A0 /* ErrorMessage.swift */ = {isa = PBXFileReference; fileEncoding = 4; lastKnownFileType = sourcecode.swift; path = ErrorMessage.swift; sourceTree = "<group>"; };
		A66F54A728E10A6B00AA29A0 /* UITextFieldExtension.swift */ = {isa = PBXFileReference; fileEncoding = 4; lastKnownFileType = sourcecode.swift; path = UITextFieldExtension.swift; sourceTree = "<group>"; };
		A66F54A828E10A6B00AA29A0 /* UILabelExtension.swift */ = {isa = PBXFileReference; fileEncoding = 4; lastKnownFileType = sourcecode.swift; path = UILabelExtension.swift; sourceTree = "<group>"; };
		A66F54A928E10A6B00AA29A0 /* UIViewControllerExtension.swift */ = {isa = PBXFileReference; fileEncoding = 4; lastKnownFileType = sourcecode.swift; path = UIViewControllerExtension.swift; sourceTree = "<group>"; };
		A66F54AA28E10A6B00AA29A0 /* UIButtonExtension.swift */ = {isa = PBXFileReference; fileEncoding = 4; lastKnownFileType = sourcecode.swift; path = UIButtonExtension.swift; sourceTree = "<group>"; };
		A66F54AB28E10A6B00AA29A0 /* UIColorExtension.swift */ = {isa = PBXFileReference; fileEncoding = 4; lastKnownFileType = sourcecode.swift; path = UIColorExtension.swift; sourceTree = "<group>"; };
		A66F54AC28E10A6B00AA29A0 /* UIViewExtension.swift */ = {isa = PBXFileReference; fileEncoding = 4; lastKnownFileType = sourcecode.swift; path = UIViewExtension.swift; sourceTree = "<group>"; };
		A66F54B428E10A8300AA29A0 /* Router.swift */ = {isa = PBXFileReference; fileEncoding = 4; lastKnownFileType = sourcecode.swift; path = Router.swift; sourceTree = "<group>"; };
		A66F54B728E10A9B00AA29A0 /* AuthServerResponseModels.swift */ = {isa = PBXFileReference; fileEncoding = 4; lastKnownFileType = sourcecode.swift; path = AuthServerResponseModels.swift; sourceTree = "<group>"; };
		A66F54BB28E10AB900AA29A0 /* SignInData.swift */ = {isa = PBXFileReference; fileEncoding = 4; lastKnownFileType = sourcecode.swift; path = SignInData.swift; sourceTree = "<group>"; };
		A66F54BC28E10AB900AA29A0 /* SignInViewController.swift */ = {isa = PBXFileReference; fileEncoding = 4; lastKnownFileType = sourcecode.swift; path = SignInViewController.swift; sourceTree = "<group>"; };
		A66F54C028E10ADE00AA29A0 /* AuthenticationService.swift */ = {isa = PBXFileReference; fileEncoding = 4; lastKnownFileType = sourcecode.swift; path = AuthenticationService.swift; sourceTree = "<group>"; };
		A66F54C328E10AF900AA29A0 /* CustomTextField.swift */ = {isa = PBXFileReference; fileEncoding = 4; lastKnownFileType = sourcecode.swift; path = CustomTextField.swift; sourceTree = "<group>"; };
		A66F54C428E10AF900AA29A0 /* Validators.swift */ = {isa = PBXFileReference; fileEncoding = 4; lastKnownFileType = sourcecode.swift; path = Validators.swift; sourceTree = "<group>"; };
		A66F54C928E1134500AA29A0 /* VerificationData.swift */ = {isa = PBXFileReference; lastKnownFileType = sourcecode.swift; path = VerificationData.swift; sourceTree = "<group>"; };
		A66F54CB28E1135A00AA29A0 /* VerificationViewController.swift */ = {isa = PBXFileReference; lastKnownFileType = sourcecode.swift; path = VerificationViewController.swift; sourceTree = "<group>"; };
		A66F54CD28E11E3A00AA29A0 /* AccountManager.swift */ = {isa = PBXFileReference; lastKnownFileType = sourcecode.swift; path = AccountManager.swift; sourceTree = "<group>"; };
		A66F54D028E123D000AA29A0 /* RegisterData.swift */ = {isa = PBXFileReference; lastKnownFileType = sourcecode.swift; path = RegisterData.swift; sourceTree = "<group>"; };
		A66F54D228E123E200AA29A0 /* RegisterViewController.swift */ = {isa = PBXFileReference; lastKnownFileType = sourcecode.swift; path = RegisterViewController.swift; sourceTree = "<group>"; };
		A677655928E9E5D6008A947A /* ContactUsViewController.swift */ = {isa = PBXFileReference; lastKnownFileType = sourcecode.swift; path = ContactUsViewController.swift; sourceTree = "<group>"; };
		A677655B28EA1086008A947A /* SourceEnum.swift */ = {isa = PBXFileReference; lastKnownFileType = sourcecode.swift; path = SourceEnum.swift; sourceTree = "<group>"; };
		A677655D28EA1111008A947A /* ProfileServerResponseModel.swift */ = {isa = PBXFileReference; lastKnownFileType = sourcecode.swift; path = ProfileServerResponseModel.swift; sourceTree = "<group>"; };
		A677655F28EA1243008A947A /* ProfileService.swift */ = {isa = PBXFileReference; lastKnownFileType = sourcecode.swift; path = ProfileService.swift; sourceTree = "<group>"; };
		A677656328EA1802008A947A /* HomeData.swift */ = {isa = PBXFileReference; lastKnownFileType = sourcecode.swift; path = HomeData.swift; sourceTree = "<group>"; };
		A67DF5BB28F3021900BC991B /* FoodService.swift */ = {isa = PBXFileReference; lastKnownFileType = sourcecode.swift; path = FoodService.swift; sourceTree = "<group>"; };
		A67DF5BD28F3028700BC991B /* FoodServerResponseModel.swift */ = {isa = PBXFileReference; lastKnownFileType = sourcecode.swift; path = FoodServerResponseModel.swift; sourceTree = "<group>"; };
		A67E318428E12E99003D6DEA /* UIImageViewExtension.swift */ = {isa = PBXFileReference; lastKnownFileType = sourcecode.swift; path = UIImageViewExtension.swift; sourceTree = "<group>"; };
		A6E4C63E28E107AD0072F108 /* MamaKitchenApp.app */ = {isa = PBXFileReference; explicitFileType = wrapper.application; includeInIndex = 0; path = MamaKitchenApp.app; sourceTree = BUILT_PRODUCTS_DIR; };
		A6E4C64828E107AD0072F108 /* Base */ = {isa = PBXFileReference; lastKnownFileType = file.storyboard; name = Base; path = Base.lproj/Main.storyboard; sourceTree = "<group>"; };
		A6E4C64A28E107AE0072F108 /* Assets.xcassets */ = {isa = PBXFileReference; lastKnownFileType = folder.assetcatalog; path = Assets.xcassets; sourceTree = "<group>"; };
		A6E4C64D28E107AE0072F108 /* Base */ = {isa = PBXFileReference; lastKnownFileType = file.storyboard; name = Base; path = Base.lproj/LaunchScreen.storyboard; sourceTree = "<group>"; };
		A6E4C64F28E107AE0072F108 /* Info.plist */ = {isa = PBXFileReference; lastKnownFileType = text.plist.xml; path = Info.plist; sourceTree = "<group>"; };
		A6E4C65428E107AF0072F108 /* MamaKitchenAppTests.xctest */ = {isa = PBXFileReference; explicitFileType = wrapper.cfbundle; includeInIndex = 0; path = MamaKitchenAppTests.xctest; sourceTree = BUILT_PRODUCTS_DIR; };
		A6E4C65828E107AF0072F108 /* MamaKitchenAppTests.swift */ = {isa = PBXFileReference; lastKnownFileType = sourcecode.swift; path = MamaKitchenAppTests.swift; sourceTree = "<group>"; };
		A6E4C65E28E107AF0072F108 /* MamaKitchenAppUITests.xctest */ = {isa = PBXFileReference; explicitFileType = wrapper.cfbundle; includeInIndex = 0; path = MamaKitchenAppUITests.xctest; sourceTree = BUILT_PRODUCTS_DIR; };
		A6E4C66228E107AF0072F108 /* MamaKitchenAppUITests.swift */ = {isa = PBXFileReference; lastKnownFileType = sourcecode.swift; path = MamaKitchenAppUITests.swift; sourceTree = "<group>"; };
		A6E4C66428E107AF0072F108 /* MamaKitchenAppUITestsLaunchTests.swift */ = {isa = PBXFileReference; lastKnownFileType = sourcecode.swift; path = MamaKitchenAppUITestsLaunchTests.swift; sourceTree = "<group>"; };
		E33352E638A10DA8727E47ED /* Pods-MamaKitchenAppTests.debug.xcconfig */ = {isa = PBXFileReference; includeInIndex = 1; lastKnownFileType = text.xcconfig; name = "Pods-MamaKitchenAppTests.debug.xcconfig"; path = "Target Support Files/Pods-MamaKitchenAppTests/Pods-MamaKitchenAppTests.debug.xcconfig"; sourceTree = "<group>"; };
/* End PBXFileReference section */

/* Begin PBXFrameworksBuildPhase section */
		A6E4C63B28E107AD0072F108 /* Frameworks */ = {
			isa = PBXFrameworksBuildPhase;
			buildActionMask = 2147483647;
			files = (
				BE13A28AF6675BE2D3F8FFFF /* Pods_MamaKitchenApp.framework in Frameworks */,
			);
			runOnlyForDeploymentPostprocessing = 0;
		};
		A6E4C65128E107AF0072F108 /* Frameworks */ = {
			isa = PBXFrameworksBuildPhase;
			buildActionMask = 2147483647;
			files = (
				A55C8C23E2C793B942D58748 /* Pods_MamaKitchenAppTests.framework in Frameworks */,
			);
			runOnlyForDeploymentPostprocessing = 0;
		};
		A6E4C65B28E107AF0072F108 /* Frameworks */ = {
			isa = PBXFrameworksBuildPhase;
			buildActionMask = 2147483647;
			files = (
				0CECD2E82179830BB9D08F29 /* Pods_MamaKitchenApp_MamaKitchenAppUITests.framework in Frameworks */,
			);
			runOnlyForDeploymentPostprocessing = 0;
		};
/* End PBXFrameworksBuildPhase section */

/* Begin PBXGroup section */
		11CB6A402953924E723E12B3 /* Pods */ = {
			isa = PBXGroup;
			children = (
				1029A7EEC8D508CD2AF40683 /* Pods-MamaKitchenApp.debug.xcconfig */,
				3280D16C067FA90D4D73E128 /* Pods-MamaKitchenApp.release.xcconfig */,
				670DBDD6F1C189C7BA1B0C96 /* Pods-MamaKitchenApp-MamaKitchenAppUITests.debug.xcconfig */,
				216D84A195552A022BFB032C /* Pods-MamaKitchenApp-MamaKitchenAppUITests.release.xcconfig */,
				E33352E638A10DA8727E47ED /* Pods-MamaKitchenAppTests.debug.xcconfig */,
				983F1BBD67C58F1A6407550F /* Pods-MamaKitchenAppTests.release.xcconfig */,
			);
			path = Pods;
			sourceTree = "<group>";
		};
		A65935A928E4F5E0004A5A83 /* Settings */ = {
			isa = PBXGroup;
			children = (
				A65935B628E51AD6004A5A83 /* SettingsMainScreen */,
				A65935B728E51AE2004A5A83 /* AboutUs */,
				A677655828E9E5C1008A947A /* ContactUs */,
			);
			path = Settings;
			sourceTree = "<group>";
		};
		A65935B028E50ABC004A5A83 /* Home */ = {
			isa = PBXGroup;
			children = (
				A65935B228E50AD4004A5A83 /* HomeViewController.swift */,
				A677656328EA1802008A947A /* HomeData.swift */,
			);
			path = Home;
			sourceTree = "<group>";
		};
		A65935B128E50AC4004A5A83 /* Orders */ = {
			isa = PBXGroup;
			children = (
				A65935B428E50AF1004A5A83 /* OrdersViewController.swift */,
			);
			path = Orders;
			sourceTree = "<group>";
		};
		A65935B628E51AD6004A5A83 /* SettingsMainScreen */ = {
			isa = PBXGroup;
			children = (
				A65935AA28E4F5F1004A5A83 /* SettinngsViewController.swift */,
				A65935AC28E50353004A5A83 /* SettingsData.swift */,
			);
			path = SettingsMainScreen;
			sourceTree = "<group>";
		};
		A65935B728E51AE2004A5A83 /* AboutUs */ = {
			isa = PBXGroup;
			children = (
				A65935B828E51B06004A5A83 /* AboutUsViewController.swift */,
			);
			path = AboutUs;
			sourceTree = "<group>";
		};
		A66F54A028E10A1E00AA29A0 /* Constant */ = {
			isa = PBXGroup;
			children = (
				A65935AE28E505B4004A5A83 /* Constant.swift */,
			);
			path = Constant;
			sourceTree = "<group>";
		};
		A66F54A128E10A3A00AA29A0 /* Enum */ = {
			isa = PBXGroup;
			children = (
				A66F54A328E10A4400AA29A0 /* ErrorMessage.swift */,
				A66F54A228E10A4400AA29A0 /* URLRequests.swift */,
				A677655B28EA1086008A947A /* SourceEnum.swift */,
			);
			path = Enum;
			sourceTree = "<group>";
		};
		A66F54A628E10A5F00AA29A0 /* Extensions */ = {
			isa = PBXGroup;
			children = (
				A66F54AA28E10A6B00AA29A0 /* UIButtonExtension.swift */,
				A66F54AB28E10A6B00AA29A0 /* UIColorExtension.swift */,
				A67E318428E12E99003D6DEA /* UIImageViewExtension.swift */,
				A66F54A828E10A6B00AA29A0 /* UILabelExtension.swift */,
				A66F54A728E10A6B00AA29A0 /* UITextFieldExtension.swift */,
				A66F54A928E10A6B00AA29A0 /* UIViewControllerExtension.swift */,
				A66F54AC28E10A6B00AA29A0 /* UIViewExtension.swift */,
				A65935A728E4EFC3004A5A83 /* StringExtension.swift */,
			);
			path = Extensions;
			sourceTree = "<group>";
		};
		A66F54B328E10A7D00AA29A0 /* Manager */ = {
			isa = PBXGroup;
			children = (
				A66F54B428E10A8300AA29A0 /* Router.swift */,
				A66F54CD28E11E3A00AA29A0 /* AccountManager.swift */,
			);
			path = Manager;
			sourceTree = "<group>";
		};
		A66F54B628E10A9100AA29A0 /* Model */ = {
			isa = PBXGroup;
			children = (
				A66F54B728E10A9B00AA29A0 /* AuthServerResponseModels.swift */,
				A677655D28EA1111008A947A /* ProfileServerResponseModel.swift */,
				A67DF5BD28F3028700BC991B /* FoodServerResponseModel.swift */,
			);
			path = Model;
			sourceTree = "<group>";
		};
		A66F54B928E10AA400AA29A0 /* Screens */ = {
			isa = PBXGroup;
			children = (
				A61C1CD928E24434005FD708 /* TabbarViewController.swift */,
				A65935B028E50ABC004A5A83 /* Home */,
				A65935B128E50AC4004A5A83 /* Orders */,
				A65935A928E4F5E0004A5A83 /* Settings */,
				A677656228EA17EC008A947A /* Authentication */,
			);
			path = Screens;
			sourceTree = "<group>";
		};
		A66F54BA28E10AB000AA29A0 /* SignIn */ = {
			isa = PBXGroup;
			children = (
				A66F54BB28E10AB900AA29A0 /* SignInData.swift */,
				A66F54BC28E10AB900AA29A0 /* SignInViewController.swift */,
			);
			path = SignIn;
			sourceTree = "<group>";
		};
		A66F54BF28E10ACD00AA29A0 /* Services */ = {
			isa = PBXGroup;
			children = (
				A66F54C028E10ADE00AA29A0 /* AuthenticationService.swift */,
				A677655F28EA1243008A947A /* ProfileService.swift */,
				A67DF5BB28F3021900BC991B /* FoodService.swift */,
			);
			path = Services;
			sourceTree = "<group>";
		};
		A66F54C228E10AEF00AA29A0 /* Utilities */ = {
			isa = PBXGroup;
			children = (
				A66F54C328E10AF900AA29A0 /* CustomTextField.swift */,
				A66F54C428E10AF900AA29A0 /* Validators.swift */,
			);
			path = Utilities;
			sourceTree = "<group>";
		};
		A66F54C728E10B0B00AA29A0 /* Storyboards */ = {
			isa = PBXGroup;
			children = (
				A66F548728E108DC00AA29A0 /* Authentication.storyboard */,
				A6E4C64728E107AD0072F108 /* Main.storyboard */,
			);
			path = Storyboards;
			sourceTree = "<group>";
		};
		A66F54C828E1133500AA29A0 /* Verification */ = {
			isa = PBXGroup;
			children = (
				A66F54C928E1134500AA29A0 /* VerificationData.swift */,
				A66F54CB28E1135A00AA29A0 /* VerificationViewController.swift */,
			);
			path = Verification;
			sourceTree = "<group>";
		};
		A66F54CF28E123C200AA29A0 /* Register */ = {
			isa = PBXGroup;
			children = (
				A66F54D028E123D000AA29A0 /* RegisterData.swift */,
				A66F54D228E123E200AA29A0 /* RegisterViewController.swift */,
			);
			path = Register;
			sourceTree = "<group>";
		};
		A677655828E9E5C1008A947A /* ContactUs */ = {
			isa = PBXGroup;
			children = (
				A677655928E9E5D6008A947A /* ContactUsViewController.swift */,
			);
			path = ContactUs;
			sourceTree = "<group>";
		};
		A677656228EA17EC008A947A /* Authentication */ = {
			isa = PBXGroup;
			children = (
				A66F54CF28E123C200AA29A0 /* Register */,
				A66F54C828E1133500AA29A0 /* Verification */,
				A66F54BA28E10AB000AA29A0 /* SignIn */,
			);
			path = Authentication;
			sourceTree = "<group>";
		};
		A6E4C63528E107AD0072F108 = {
			isa = PBXGroup;
			children = (
				A6E4C64028E107AD0072F108 /* MamaKitchenApp */,
				A6E4C65728E107AF0072F108 /* MamaKitchenAppTests */,
				A6E4C66128E107AF0072F108 /* MamaKitchenAppUITests */,
				A6E4C63F28E107AD0072F108 /* Products */,
				11CB6A402953924E723E12B3 /* Pods */,
				F6BEB8B50EAE464AD6ECC758 /* Frameworks */,
			);
			sourceTree = "<group>";
		};
		A6E4C63F28E107AD0072F108 /* Products */ = {
			isa = PBXGroup;
			children = (
				A6E4C63E28E107AD0072F108 /* MamaKitchenApp.app */,
				A6E4C65428E107AF0072F108 /* MamaKitchenAppTests.xctest */,
				A6E4C65E28E107AF0072F108 /* MamaKitchenAppUITests.xctest */,
			);
			name = Products;
			sourceTree = "<group>";
		};
		A6E4C64028E107AD0072F108 /* MamaKitchenApp */ = {
			isa = PBXGroup;
			children = (
				A66F548A28E108DC00AA29A0 /* SceneDelegate.swift */,
				A66F548628E108DC00AA29A0 /* AppDelegate.swift */,
				A66F548E28E108DC00AA29A0 /* SpalchScreen.swift */,
				A66F54B328E10A7D00AA29A0 /* Manager */,
				A66F54C228E10AEF00AA29A0 /* Utilities */,
				A66F54BF28E10ACD00AA29A0 /* Services */,
				A66F54B928E10AA400AA29A0 /* Screens */,
				A66F54B628E10A9100AA29A0 /* Model */,
				A66F54A628E10A5F00AA29A0 /* Extensions */,
				A66F54A128E10A3A00AA29A0 /* Enum */,
				A66F54A028E10A1E00AA29A0 /* Constant */,
				A66F54C728E10B0B00AA29A0 /* Storyboards */,
				A6E4C64A28E107AE0072F108 /* Assets.xcassets */,
				A6E4C64C28E107AE0072F108 /* LaunchScreen.storyboard */,
				A6E4C64F28E107AE0072F108 /* Info.plist */,
				A66F548528E108DC00AA29A0 /* MamaKitchenApp-Bridging-Header.h */,
			);
			path = MamaKitchenApp;
			sourceTree = "<group>";
		};
		A6E4C65728E107AF0072F108 /* MamaKitchenAppTests */ = {
			isa = PBXGroup;
			children = (
				A6E4C65828E107AF0072F108 /* MamaKitchenAppTests.swift */,
			);
			path = MamaKitchenAppTests;
			sourceTree = "<group>";
		};
		A6E4C66128E107AF0072F108 /* MamaKitchenAppUITests */ = {
			isa = PBXGroup;
			children = (
				A6E4C66228E107AF0072F108 /* MamaKitchenAppUITests.swift */,
				A6E4C66428E107AF0072F108 /* MamaKitchenAppUITestsLaunchTests.swift */,
			);
			path = MamaKitchenAppUITests;
			sourceTree = "<group>";
		};
		F6BEB8B50EAE464AD6ECC758 /* Frameworks */ = {
			isa = PBXGroup;
			children = (
				2B21D1AFEE264924EDBFF94A /* Pods_MamaKitchenApp.framework */,
				0EF4F2DE1240BAE6C115B18D /* Pods_MamaKitchenApp_MamaKitchenAppUITests.framework */,
				4ED74C68D1A7673D7FC817B1 /* Pods_MamaKitchenAppTests.framework */,
			);
			name = Frameworks;
			sourceTree = "<group>";
		};
/* End PBXGroup section */

/* Begin PBXNativeTarget section */
		A6E4C63D28E107AD0072F108 /* MamaKitchenApp */ = {
			isa = PBXNativeTarget;
			buildConfigurationList = A6E4C66828E107AF0072F108 /* Build configuration list for PBXNativeTarget "MamaKitchenApp" */;
			buildPhases = (
				8465D764A7C07D1B97A96F48 /* [CP] Check Pods Manifest.lock */,
				A6E4C63A28E107AD0072F108 /* Sources */,
				A6E4C63B28E107AD0072F108 /* Frameworks */,
				A6E4C63C28E107AD0072F108 /* Resources */,
				03EC1DD95E3565A8500F90C3 /* [CP] Embed Pods Frameworks */,
			);
			buildRules = (
			);
			dependencies = (
			);
			name = MamaKitchenApp;
			productName = MamaKitchenApp;
			productReference = A6E4C63E28E107AD0072F108 /* MamaKitchenApp.app */;
			productType = "com.apple.product-type.application";
		};
		A6E4C65328E107AF0072F108 /* MamaKitchenAppTests */ = {
			isa = PBXNativeTarget;
			buildConfigurationList = A6E4C66B28E107AF0072F108 /* Build configuration list for PBXNativeTarget "MamaKitchenAppTests" */;
			buildPhases = (
				2401883B4D6F663F86BA5A9D /* [CP] Check Pods Manifest.lock */,
				A6E4C65028E107AF0072F108 /* Sources */,
				A6E4C65128E107AF0072F108 /* Frameworks */,
				A6E4C65228E107AF0072F108 /* Resources */,
			);
			buildRules = (
			);
			dependencies = (
				A6E4C65628E107AF0072F108 /* PBXTargetDependency */,
			);
			name = MamaKitchenAppTests;
			productName = MamaKitchenAppTests;
			productReference = A6E4C65428E107AF0072F108 /* MamaKitchenAppTests.xctest */;
			productType = "com.apple.product-type.bundle.unit-test";
		};
		A6E4C65D28E107AF0072F108 /* MamaKitchenAppUITests */ = {
			isa = PBXNativeTarget;
			buildConfigurationList = A6E4C66E28E107AF0072F108 /* Build configuration list for PBXNativeTarget "MamaKitchenAppUITests" */;
			buildPhases = (
				ACE6AB5C2ECD40ACAF26CFB2 /* [CP] Check Pods Manifest.lock */,
				A6E4C65A28E107AF0072F108 /* Sources */,
				A6E4C65B28E107AF0072F108 /* Frameworks */,
				A6E4C65C28E107AF0072F108 /* Resources */,
				0F93D9858EABDACE93DFF51E /* [CP] Embed Pods Frameworks */,
			);
			buildRules = (
			);
			dependencies = (
				A6E4C66028E107AF0072F108 /* PBXTargetDependency */,
			);
			name = MamaKitchenAppUITests;
			productName = MamaKitchenAppUITests;
			productReference = A6E4C65E28E107AF0072F108 /* MamaKitchenAppUITests.xctest */;
			productType = "com.apple.product-type.bundle.ui-testing";
		};
/* End PBXNativeTarget section */

/* Begin PBXProject section */
		A6E4C63628E107AD0072F108 /* Project object */ = {
			isa = PBXProject;
			attributes = {
				BuildIndependentTargetsInParallel = 1;
				LastSwiftUpdateCheck = 1340;
				LastUpgradeCheck = 1340;
				TargetAttributes = {
					A6E4C63D28E107AD0072F108 = {
						CreatedOnToolsVersion = 13.4.1;
						LastSwiftMigration = 1340;
					};
					A6E4C65328E107AF0072F108 = {
						CreatedOnToolsVersion = 13.4.1;
						TestTargetID = A6E4C63D28E107AD0072F108;
					};
					A6E4C65D28E107AF0072F108 = {
						CreatedOnToolsVersion = 13.4.1;
						TestTargetID = A6E4C63D28E107AD0072F108;
					};
				};
			};
			buildConfigurationList = A6E4C63928E107AD0072F108 /* Build configuration list for PBXProject "MamaKitchenApp" */;
			compatibilityVersion = "Xcode 13.0";
			developmentRegion = en;
			hasScannedForEncodings = 0;
			knownRegions = (
				en,
				Base,
			);
			mainGroup = A6E4C63528E107AD0072F108;
			productRefGroup = A6E4C63F28E107AD0072F108 /* Products */;
			projectDirPath = "";
			projectRoot = "";
			targets = (
				A6E4C63D28E107AD0072F108 /* MamaKitchenApp */,
				A6E4C65328E107AF0072F108 /* MamaKitchenAppTests */,
				A6E4C65D28E107AF0072F108 /* MamaKitchenAppUITests */,
			);
		};
/* End PBXProject section */

/* Begin PBXResourcesBuildPhase section */
		A6E4C63C28E107AD0072F108 /* Resources */ = {
			isa = PBXResourcesBuildPhase;
			buildActionMask = 2147483647;
			files = (
				A66F549328E108DD00AA29A0 /* Authentication.storyboard in Resources */,
				A6E4C64E28E107AE0072F108 /* LaunchScreen.storyboard in Resources */,
				A6E4C64B28E107AE0072F108 /* Assets.xcassets in Resources */,
				A6E4C64928E107AD0072F108 /* Main.storyboard in Resources */,
			);
			runOnlyForDeploymentPostprocessing = 0;
		};
		A6E4C65228E107AF0072F108 /* Resources */ = {
			isa = PBXResourcesBuildPhase;
			buildActionMask = 2147483647;
			files = (
			);
			runOnlyForDeploymentPostprocessing = 0;
		};
		A6E4C65C28E107AF0072F108 /* Resources */ = {
			isa = PBXResourcesBuildPhase;
			buildActionMask = 2147483647;
			files = (
			);
			runOnlyForDeploymentPostprocessing = 0;
		};
/* End PBXResourcesBuildPhase section */

/* Begin PBXShellScriptBuildPhase section */
		03EC1DD95E3565A8500F90C3 /* [CP] Embed Pods Frameworks */ = {
			isa = PBXShellScriptBuildPhase;
			buildActionMask = 2147483647;
			files = (
			);
			inputFileListPaths = (
				"${PODS_ROOT}/Target Support Files/Pods-MamaKitchenApp/Pods-MamaKitchenApp-frameworks-${CONFIGURATION}-input-files.xcfilelist",
			);
			name = "[CP] Embed Pods Frameworks";
			outputFileListPaths = (
				"${PODS_ROOT}/Target Support Files/Pods-MamaKitchenApp/Pods-MamaKitchenApp-frameworks-${CONFIGURATION}-output-files.xcfilelist",
			);
			runOnlyForDeploymentPostprocessing = 0;
			shellPath = /bin/sh;
			shellScript = "\"${PODS_ROOT}/Target Support Files/Pods-MamaKitchenApp/Pods-MamaKitchenApp-frameworks.sh\"\n";
			showEnvVarsInLog = 0;
		};
		0F93D9858EABDACE93DFF51E /* [CP] Embed Pods Frameworks */ = {
			isa = PBXShellScriptBuildPhase;
			buildActionMask = 2147483647;
			files = (
			);
			inputFileListPaths = (
				"${PODS_ROOT}/Target Support Files/Pods-MamaKitchenApp-MamaKitchenAppUITests/Pods-MamaKitchenApp-MamaKitchenAppUITests-frameworks-${CONFIGURATION}-input-files.xcfilelist",
			);
			name = "[CP] Embed Pods Frameworks";
			outputFileListPaths = (
				"${PODS_ROOT}/Target Support Files/Pods-MamaKitchenApp-MamaKitchenAppUITests/Pods-MamaKitchenApp-MamaKitchenAppUITests-frameworks-${CONFIGURATION}-output-files.xcfilelist",
			);
			runOnlyForDeploymentPostprocessing = 0;
			shellPath = /bin/sh;
			shellScript = "\"${PODS_ROOT}/Target Support Files/Pods-MamaKitchenApp-MamaKitchenAppUITests/Pods-MamaKitchenApp-MamaKitchenAppUITests-frameworks.sh\"\n";
			showEnvVarsInLog = 0;
		};
		2401883B4D6F663F86BA5A9D /* [CP] Check Pods Manifest.lock */ = {
			isa = PBXShellScriptBuildPhase;
			buildActionMask = 2147483647;
			files = (
			);
			inputFileListPaths = (
			);
			inputPaths = (
				"${PODS_PODFILE_DIR_PATH}/Podfile.lock",
				"${PODS_ROOT}/Manifest.lock",
			);
			name = "[CP] Check Pods Manifest.lock";
			outputFileListPaths = (
			);
			outputPaths = (
				"$(DERIVED_FILE_DIR)/Pods-MamaKitchenAppTests-checkManifestLockResult.txt",
			);
			runOnlyForDeploymentPostprocessing = 0;
			shellPath = /bin/sh;
			shellScript = "diff \"${PODS_PODFILE_DIR_PATH}/Podfile.lock\" \"${PODS_ROOT}/Manifest.lock\" > /dev/null\nif [ $? != 0 ] ; then\n    # print error to STDERR\n    echo \"error: The sandbox is not in sync with the Podfile.lock. Run 'pod install' or update your CocoaPods installation.\" >&2\n    exit 1\nfi\n# This output is used by Xcode 'outputs' to avoid re-running this script phase.\necho \"SUCCESS\" > \"${SCRIPT_OUTPUT_FILE_0}\"\n";
			showEnvVarsInLog = 0;
		};
		8465D764A7C07D1B97A96F48 /* [CP] Check Pods Manifest.lock */ = {
			isa = PBXShellScriptBuildPhase;
			buildActionMask = 2147483647;
			files = (
			);
			inputFileListPaths = (
			);
			inputPaths = (
				"${PODS_PODFILE_DIR_PATH}/Podfile.lock",
				"${PODS_ROOT}/Manifest.lock",
			);
			name = "[CP] Check Pods Manifest.lock";
			outputFileListPaths = (
			);
			outputPaths = (
				"$(DERIVED_FILE_DIR)/Pods-MamaKitchenApp-checkManifestLockResult.txt",
			);
			runOnlyForDeploymentPostprocessing = 0;
			shellPath = /bin/sh;
			shellScript = "diff \"${PODS_PODFILE_DIR_PATH}/Podfile.lock\" \"${PODS_ROOT}/Manifest.lock\" > /dev/null\nif [ $? != 0 ] ; then\n    # print error to STDERR\n    echo \"error: The sandbox is not in sync with the Podfile.lock. Run 'pod install' or update your CocoaPods installation.\" >&2\n    exit 1\nfi\n# This output is used by Xcode 'outputs' to avoid re-running this script phase.\necho \"SUCCESS\" > \"${SCRIPT_OUTPUT_FILE_0}\"\n";
			showEnvVarsInLog = 0;
		};
		ACE6AB5C2ECD40ACAF26CFB2 /* [CP] Check Pods Manifest.lock */ = {
			isa = PBXShellScriptBuildPhase;
			buildActionMask = 2147483647;
			files = (
			);
			inputFileListPaths = (
			);
			inputPaths = (
				"${PODS_PODFILE_DIR_PATH}/Podfile.lock",
				"${PODS_ROOT}/Manifest.lock",
			);
			name = "[CP] Check Pods Manifest.lock";
			outputFileListPaths = (
			);
			outputPaths = (
				"$(DERIVED_FILE_DIR)/Pods-MamaKitchenApp-MamaKitchenAppUITests-checkManifestLockResult.txt",
			);
			runOnlyForDeploymentPostprocessing = 0;
			shellPath = /bin/sh;
			shellScript = "diff \"${PODS_PODFILE_DIR_PATH}/Podfile.lock\" \"${PODS_ROOT}/Manifest.lock\" > /dev/null\nif [ $? != 0 ] ; then\n    # print error to STDERR\n    echo \"error: The sandbox is not in sync with the Podfile.lock. Run 'pod install' or update your CocoaPods installation.\" >&2\n    exit 1\nfi\n# This output is used by Xcode 'outputs' to avoid re-running this script phase.\necho \"SUCCESS\" > \"${SCRIPT_OUTPUT_FILE_0}\"\n";
			showEnvVarsInLog = 0;
		};
/* End PBXShellScriptBuildPhase section */

/* Begin PBXSourcesBuildPhase section */
		A6E4C63A28E107AD0072F108 /* Sources */ = {
			isa = PBXSourcesBuildPhase;
			buildActionMask = 2147483647;
			files = (
				A65935AD28E50353004A5A83 /* SettingsData.swift in Sources */,
				A66F549228E108DD00AA29A0 /* AppDelegate.swift in Sources */,
				A66F54AD28E10A6B00AA29A0 /* UITextFieldExtension.swift in Sources */,
				A67DF5BC28F3021900BC991B /* FoodService.swift in Sources */,
				A66F54CC28E1135A00AA29A0 /* VerificationViewController.swift in Sources */,
				A61C1CDA28E24435005FD708 /* TabbarViewController.swift in Sources */,
				A65935B328E50AD4004A5A83 /* HomeViewController.swift in Sources */,
				A66F54B228E10A6B00AA29A0 /* UIViewExtension.swift in Sources */,
				A66F549A28E108DD00AA29A0 /* SpalchScreen.swift in Sources */,
				A66F54B528E10A8300AA29A0 /* Router.swift in Sources */,
				A677655C28EA1086008A947A /* SourceEnum.swift in Sources */,
				A67DF5BE28F3028700BC991B /* FoodServerResponseModel.swift in Sources */,
				A66F54A528E10A4400AA29A0 /* ErrorMessage.swift in Sources */,
				A66F54AF28E10A6B00AA29A0 /* UIViewControllerExtension.swift in Sources */,
				A677656428EA1802008A947A /* HomeData.swift in Sources */,
				A65935AF28E505B4004A5A83 /* Constant.swift in Sources */,
				A66F54CE28E11E3A00AA29A0 /* AccountManager.swift in Sources */,
				A66F54C128E10ADE00AA29A0 /* AuthenticationService.swift in Sources */,
				A66F54C628E10AF900AA29A0 /* Validators.swift in Sources */,
				A65935AB28E4F5F1004A5A83 /* SettinngsViewController.swift in Sources */,
				A66F54C528E10AF900AA29A0 /* CustomTextField.swift in Sources */,
				A66F54BD28E10AB900AA29A0 /* SignInData.swift in Sources */,
				A66F54BE28E10AB900AA29A0 /* SignInViewController.swift in Sources */,
				A67E318528E12E99003D6DEA /* UIImageViewExtension.swift in Sources */,
				A66F54D328E123E200AA29A0 /* RegisterViewController.swift in Sources */,
				A66F54D128E123D000AA29A0 /* RegisterData.swift in Sources */,
				A66F54CA28E1134500AA29A0 /* VerificationData.swift in Sources */,
				A677655E28EA1111008A947A /* ProfileServerResponseModel.swift in Sources */,
				A66F54B828E10A9B00AA29A0 /* AuthServerResponseModels.swift in Sources */,
				A65935B928E51B06004A5A83 /* AboutUsViewController.swift in Sources */,
				A66F54B028E10A6B00AA29A0 /* UIButtonExtension.swift in Sources */,
				A66F54AE28E10A6B00AA29A0 /* UILabelExtension.swift in Sources */,
				A677656028EA1243008A947A /* ProfileService.swift in Sources */,
				A65935B528E50AF1004A5A83 /* OrdersViewController.swift in Sources */,
				A66F54B128E10A6B00AA29A0 /* UIColorExtension.swift in Sources */,
				A66F549628E108DD00AA29A0 /* SceneDelegate.swift in Sources */,
				A65935A828E4EFC3004A5A83 /* StringExtension.swift in Sources */,
				A66F54A428E10A4400AA29A0 /* URLRequests.swift in Sources */,
				A677655A28E9E5D6008A947A /* ContactUsViewController.swift in Sources */,
			);
			runOnlyForDeploymentPostprocessing = 0;
		};
		A6E4C65028E107AF0072F108 /* Sources */ = {
			isa = PBXSourcesBuildPhase;
			buildActionMask = 2147483647;
			files = (
				A6E4C65928E107AF0072F108 /* MamaKitchenAppTests.swift in Sources */,
			);
			runOnlyForDeploymentPostprocessing = 0;
		};
		A6E4C65A28E107AF0072F108 /* Sources */ = {
			isa = PBXSourcesBuildPhase;
			buildActionMask = 2147483647;
			files = (
				A6E4C66328E107AF0072F108 /* MamaKitchenAppUITests.swift in Sources */,
				A6E4C66528E107AF0072F108 /* MamaKitchenAppUITestsLaunchTests.swift in Sources */,
			);
			runOnlyForDeploymentPostprocessing = 0;
		};
/* End PBXSourcesBuildPhase section */

/* Begin PBXTargetDependency section */
		A6E4C65628E107AF0072F108 /* PBXTargetDependency */ = {
			isa = PBXTargetDependency;
			target = A6E4C63D28E107AD0072F108 /* MamaKitchenApp */;
			targetProxy = A6E4C65528E107AF0072F108 /* PBXContainerItemProxy */;
		};
		A6E4C66028E107AF0072F108 /* PBXTargetDependency */ = {
			isa = PBXTargetDependency;
			target = A6E4C63D28E107AD0072F108 /* MamaKitchenApp */;
			targetProxy = A6E4C65F28E107AF0072F108 /* PBXContainerItemProxy */;
		};
/* End PBXTargetDependency section */

/* Begin PBXVariantGroup section */
		A6E4C64728E107AD0072F108 /* Main.storyboard */ = {
			isa = PBXVariantGroup;
			children = (
				A6E4C64828E107AD0072F108 /* Base */,
			);
			name = Main.storyboard;
			sourceTree = "<group>";
		};
		A6E4C64C28E107AE0072F108 /* LaunchScreen.storyboard */ = {
			isa = PBXVariantGroup;
			children = (
				A6E4C64D28E107AE0072F108 /* Base */,
			);
			name = LaunchScreen.storyboard;
			sourceTree = "<group>";
		};
/* End PBXVariantGroup section */

/* Begin XCBuildConfiguration section */
		A6E4C66628E107AF0072F108 /* Debug */ = {
			isa = XCBuildConfiguration;
			buildSettings = {
				ALWAYS_SEARCH_USER_PATHS = NO;
				CLANG_ANALYZER_NONNULL = YES;
				CLANG_ANALYZER_NUMBER_OBJECT_CONVERSION = YES_AGGRESSIVE;
				CLANG_CXX_LANGUAGE_STANDARD = "gnu++17";
				CLANG_ENABLE_MODULES = YES;
				CLANG_ENABLE_OBJC_ARC = YES;
				CLANG_ENABLE_OBJC_WEAK = YES;
				CLANG_WARN_BLOCK_CAPTURE_AUTORELEASING = YES;
				CLANG_WARN_BOOL_CONVERSION = YES;
				CLANG_WARN_COMMA = YES;
				CLANG_WARN_CONSTANT_CONVERSION = YES;
				CLANG_WARN_DEPRECATED_OBJC_IMPLEMENTATIONS = YES;
				CLANG_WARN_DIRECT_OBJC_ISA_USAGE = YES_ERROR;
				CLANG_WARN_DOCUMENTATION_COMMENTS = YES;
				CLANG_WARN_EMPTY_BODY = YES;
				CLANG_WARN_ENUM_CONVERSION = YES;
				CLANG_WARN_INFINITE_RECURSION = YES;
				CLANG_WARN_INT_CONVERSION = YES;
				CLANG_WARN_NON_LITERAL_NULL_CONVERSION = YES;
				CLANG_WARN_OBJC_IMPLICIT_RETAIN_SELF = YES;
				CLANG_WARN_OBJC_LITERAL_CONVERSION = YES;
				CLANG_WARN_OBJC_ROOT_CLASS = YES_ERROR;
				CLANG_WARN_QUOTED_INCLUDE_IN_FRAMEWORK_HEADER = YES;
				CLANG_WARN_RANGE_LOOP_ANALYSIS = YES;
				CLANG_WARN_STRICT_PROTOTYPES = YES;
				CLANG_WARN_SUSPICIOUS_MOVE = YES;
				CLANG_WARN_UNGUARDED_AVAILABILITY = YES_AGGRESSIVE;
				CLANG_WARN_UNREACHABLE_CODE = YES;
				CLANG_WARN__DUPLICATE_METHOD_MATCH = YES;
				COPY_PHASE_STRIP = NO;
				DEBUG_INFORMATION_FORMAT = dwarf;
				ENABLE_STRICT_OBJC_MSGSEND = YES;
				ENABLE_TESTABILITY = YES;
				GCC_C_LANGUAGE_STANDARD = gnu11;
				GCC_DYNAMIC_NO_PIC = NO;
				GCC_NO_COMMON_BLOCKS = YES;
				GCC_OPTIMIZATION_LEVEL = 0;
				GCC_PREPROCESSOR_DEFINITIONS = (
					"DEBUG=1",
					"$(inherited)",
				);
				GCC_WARN_64_TO_32_BIT_CONVERSION = YES;
				GCC_WARN_ABOUT_RETURN_TYPE = YES_ERROR;
				GCC_WARN_UNDECLARED_SELECTOR = YES;
				GCC_WARN_UNINITIALIZED_AUTOS = YES_AGGRESSIVE;
				GCC_WARN_UNUSED_FUNCTION = YES;
				GCC_WARN_UNUSED_VARIABLE = YES;
				IPHONEOS_DEPLOYMENT_TARGET = 15.5;
				MTL_ENABLE_DEBUG_INFO = INCLUDE_SOURCE;
				MTL_FAST_MATH = YES;
				ONLY_ACTIVE_ARCH = YES;
				SDKROOT = iphoneos;
				SWIFT_ACTIVE_COMPILATION_CONDITIONS = DEBUG;
				SWIFT_OPTIMIZATION_LEVEL = "-Onone";
			};
			name = Debug;
		};
		A6E4C66728E107AF0072F108 /* Release */ = {
			isa = XCBuildConfiguration;
			buildSettings = {
				ALWAYS_SEARCH_USER_PATHS = NO;
				CLANG_ANALYZER_NONNULL = YES;
				CLANG_ANALYZER_NUMBER_OBJECT_CONVERSION = YES_AGGRESSIVE;
				CLANG_CXX_LANGUAGE_STANDARD = "gnu++17";
				CLANG_ENABLE_MODULES = YES;
				CLANG_ENABLE_OBJC_ARC = YES;
				CLANG_ENABLE_OBJC_WEAK = YES;
				CLANG_WARN_BLOCK_CAPTURE_AUTORELEASING = YES;
				CLANG_WARN_BOOL_CONVERSION = YES;
				CLANG_WARN_COMMA = YES;
				CLANG_WARN_CONSTANT_CONVERSION = YES;
				CLANG_WARN_DEPRECATED_OBJC_IMPLEMENTATIONS = YES;
				CLANG_WARN_DIRECT_OBJC_ISA_USAGE = YES_ERROR;
				CLANG_WARN_DOCUMENTATION_COMMENTS = YES;
				CLANG_WARN_EMPTY_BODY = YES;
				CLANG_WARN_ENUM_CONVERSION = YES;
				CLANG_WARN_INFINITE_RECURSION = YES;
				CLANG_WARN_INT_CONVERSION = YES;
				CLANG_WARN_NON_LITERAL_NULL_CONVERSION = YES;
				CLANG_WARN_OBJC_IMPLICIT_RETAIN_SELF = YES;
				CLANG_WARN_OBJC_LITERAL_CONVERSION = YES;
				CLANG_WARN_OBJC_ROOT_CLASS = YES_ERROR;
				CLANG_WARN_QUOTED_INCLUDE_IN_FRAMEWORK_HEADER = YES;
				CLANG_WARN_RANGE_LOOP_ANALYSIS = YES;
				CLANG_WARN_STRICT_PROTOTYPES = YES;
				CLANG_WARN_SUSPICIOUS_MOVE = YES;
				CLANG_WARN_UNGUARDED_AVAILABILITY = YES_AGGRESSIVE;
				CLANG_WARN_UNREACHABLE_CODE = YES;
				CLANG_WARN__DUPLICATE_METHOD_MATCH = YES;
				COPY_PHASE_STRIP = NO;
				DEBUG_INFORMATION_FORMAT = "dwarf-with-dsym";
				ENABLE_NS_ASSERTIONS = NO;
				ENABLE_STRICT_OBJC_MSGSEND = YES;
				GCC_C_LANGUAGE_STANDARD = gnu11;
				GCC_NO_COMMON_BLOCKS = YES;
				GCC_WARN_64_TO_32_BIT_CONVERSION = YES;
				GCC_WARN_ABOUT_RETURN_TYPE = YES_ERROR;
				GCC_WARN_UNDECLARED_SELECTOR = YES;
				GCC_WARN_UNINITIALIZED_AUTOS = YES_AGGRESSIVE;
				GCC_WARN_UNUSED_FUNCTION = YES;
				GCC_WARN_UNUSED_VARIABLE = YES;
				IPHONEOS_DEPLOYMENT_TARGET = 15.5;
				MTL_ENABLE_DEBUG_INFO = NO;
				MTL_FAST_MATH = YES;
				SDKROOT = iphoneos;
				SWIFT_COMPILATION_MODE = wholemodule;
				SWIFT_OPTIMIZATION_LEVEL = "-O";
				VALIDATE_PRODUCT = YES;
			};
			name = Release;
		};
		A6E4C66928E107AF0072F108 /* Debug */ = {
			isa = XCBuildConfiguration;
			baseConfigurationReference = 1029A7EEC8D508CD2AF40683 /* Pods-MamaKitchenApp.debug.xcconfig */;
			buildSettings = {
				ASSETCATALOG_COMPILER_APPICON_NAME = AppIcon;
				ASSETCATALOG_COMPILER_GLOBAL_ACCENT_COLOR_NAME = AccentColor;
				CLANG_ENABLE_MODULES = YES;
				CODE_SIGN_IDENTITY = "Apple Development";
				CODE_SIGN_STYLE = Automatic;
				CURRENT_PROJECT_VERSION = 1;
				DEVELOPMENT_TEAM = WUP2ZUK4VP;
				GENERATE_INFOPLIST_FILE = YES;
				INFOPLIST_FILE = MamaKitchenApp/Info.plist;
				INFOPLIST_KEY_UIApplicationSupportsIndirectInputEvents = YES;
				INFOPLIST_KEY_UILaunchStoryboardName = LaunchScreen;
				INFOPLIST_KEY_UIMainStoryboardFile = Main;
				INFOPLIST_KEY_UISupportedInterfaceOrientations_iPad = "UIInterfaceOrientationPortrait UIInterfaceOrientationPortraitUpsideDown UIInterfaceOrientationLandscapeLeft UIInterfaceOrientationLandscapeRight";
				INFOPLIST_KEY_UISupportedInterfaceOrientations_iPhone = "UIInterfaceOrientationPortrait UIInterfaceOrientationLandscapeLeft UIInterfaceOrientationLandscapeRight";
				LD_RUNPATH_SEARCH_PATHS = (
					"$(inherited)",
					"@executable_path/Frameworks",
				);
				MARKETING_VERSION = 1.0;
				PRODUCT_BUNDLE_IDENTIFIER = "com.-MamaKitchenApp.MamaKitchenApp";
				PRODUCT_NAME = "$(TARGET_NAME)";
				PROVISIONING_PROFILE_SPECIFIER = "";
				SWIFT_EMIT_LOC_STRINGS = YES;
				SWIFT_OBJC_BRIDGING_HEADER = "MamaKitchenApp/MamaKitchenApp-Bridging-Header.h";
				SWIFT_OPTIMIZATION_LEVEL = "-Onone";
				SWIFT_VERSION = 5.0;
				TARGETED_DEVICE_FAMILY = "1,2";
			};
			name = Debug;
		};
		A6E4C66A28E107AF0072F108 /* Release */ = {
			isa = XCBuildConfiguration;
			baseConfigurationReference = 3280D16C067FA90D4D73E128 /* Pods-MamaKitchenApp.release.xcconfig */;
			buildSettings = {
				ASSETCATALOG_COMPILER_APPICON_NAME = AppIcon;
				ASSETCATALOG_COMPILER_GLOBAL_ACCENT_COLOR_NAME = AccentColor;
				CLANG_ENABLE_MODULES = YES;
				CODE_SIGN_IDENTITY = "Apple Development";
				CODE_SIGN_STYLE = Automatic;
				CURRENT_PROJECT_VERSION = 1;
				DEVELOPMENT_TEAM = WUP2ZUK4VP;
				GENERATE_INFOPLIST_FILE = YES;
				INFOPLIST_FILE = MamaKitchenApp/Info.plist;
				INFOPLIST_KEY_UIApplicationSupportsIndirectInputEvents = YES;
				INFOPLIST_KEY_UILaunchStoryboardName = LaunchScreen;
				INFOPLIST_KEY_UIMainStoryboardFile = Main;
				INFOPLIST_KEY_UISupportedInterfaceOrientations_iPad = "UIInterfaceOrientationPortrait UIInterfaceOrientationPortraitUpsideDown UIInterfaceOrientationLandscapeLeft UIInterfaceOrientationLandscapeRight";
				INFOPLIST_KEY_UISupportedInterfaceOrientations_iPhone = "UIInterfaceOrientationPortrait UIInterfaceOrientationLandscapeLeft UIInterfaceOrientationLandscapeRight";
				LD_RUNPATH_SEARCH_PATHS = (
					"$(inherited)",
					"@executable_path/Frameworks",
				);
				MARKETING_VERSION = 1.0;
				PRODUCT_BUNDLE_IDENTIFIER = "com.-MamaKitchenApp.MamaKitchenApp";
				PRODUCT_NAME = "$(TARGET_NAME)";
				PROVISIONING_PROFILE_SPECIFIER = "";
				SWIFT_EMIT_LOC_STRINGS = YES;
				SWIFT_OBJC_BRIDGING_HEADER = "MamaKitchenApp/MamaKitchenApp-Bridging-Header.h";
				SWIFT_VERSION = 5.0;
				TARGETED_DEVICE_FAMILY = "1,2";
			};
			name = Release;
		};
		A6E4C66C28E107AF0072F108 /* Debug */ = {
			isa = XCBuildConfiguration;
			baseConfigurationReference = E33352E638A10DA8727E47ED /* Pods-MamaKitchenAppTests.debug.xcconfig */;
			buildSettings = {
				ALWAYS_EMBED_SWIFT_STANDARD_LIBRARIES = YES;
				BUNDLE_LOADER = "$(TEST_HOST)";
				CODE_SIGN_STYLE = Automatic;
				CURRENT_PROJECT_VERSION = 1;
				GENERATE_INFOPLIST_FILE = YES;
				IPHONEOS_DEPLOYMENT_TARGET = 15.5;
				MARKETING_VERSION = 1.0;
				PRODUCT_BUNDLE_IDENTIFIER = "com.-MamaKitchenApp.MamaKitchenAppTests";
				PRODUCT_NAME = "$(TARGET_NAME)";
				SWIFT_EMIT_LOC_STRINGS = NO;
				SWIFT_VERSION = 5.0;
				TARGETED_DEVICE_FAMILY = "1,2";
				TEST_HOST = "$(BUILT_PRODUCTS_DIR)/MamaKitchenApp.app/MamaKitchenApp";
			};
			name = Debug;
		};
		A6E4C66D28E107AF0072F108 /* Release */ = {
			isa = XCBuildConfiguration;
			baseConfigurationReference = 983F1BBD67C58F1A6407550F /* Pods-MamaKitchenAppTests.release.xcconfig */;
			buildSettings = {
				ALWAYS_EMBED_SWIFT_STANDARD_LIBRARIES = YES;
				BUNDLE_LOADER = "$(TEST_HOST)";
				CODE_SIGN_STYLE = Automatic;
				CURRENT_PROJECT_VERSION = 1;
				GENERATE_INFOPLIST_FILE = YES;
				IPHONEOS_DEPLOYMENT_TARGET = 15.5;
				MARKETING_VERSION = 1.0;
				PRODUCT_BUNDLE_IDENTIFIER = "com.-MamaKitchenApp.MamaKitchenAppTests";
				PRODUCT_NAME = "$(TARGET_NAME)";
				SWIFT_EMIT_LOC_STRINGS = NO;
				SWIFT_VERSION = 5.0;
				TARGETED_DEVICE_FAMILY = "1,2";
				TEST_HOST = "$(BUILT_PRODUCTS_DIR)/MamaKitchenApp.app/MamaKitchenApp";
			};
			name = Release;
		};
		A6E4C66F28E107AF0072F108 /* Debug */ = {
			isa = XCBuildConfiguration;
			baseConfigurationReference = 670DBDD6F1C189C7BA1B0C96 /* Pods-MamaKitchenApp-MamaKitchenAppUITests.debug.xcconfig */;
			buildSettings = {
				ALWAYS_EMBED_SWIFT_STANDARD_LIBRARIES = YES;
				CODE_SIGN_STYLE = Automatic;
				CURRENT_PROJECT_VERSION = 1;
				GENERATE_INFOPLIST_FILE = YES;
				MARKETING_VERSION = 1.0;
				PRODUCT_BUNDLE_IDENTIFIER = "com.-MamaKitchenApp.MamaKitchenAppUITests";
				PRODUCT_NAME = "$(TARGET_NAME)";
				SWIFT_EMIT_LOC_STRINGS = NO;
				SWIFT_VERSION = 5.0;
				TARGETED_DEVICE_FAMILY = "1,2";
				TEST_TARGET_NAME = MamaKitchenApp;
			};
			name = Debug;
		};
		A6E4C67028E107AF0072F108 /* Release */ = {
			isa = XCBuildConfiguration;
			baseConfigurationReference = 216D84A195552A022BFB032C /* Pods-MamaKitchenApp-MamaKitchenAppUITests.release.xcconfig */;
			buildSettings = {
				ALWAYS_EMBED_SWIFT_STANDARD_LIBRARIES = YES;
				CODE_SIGN_STYLE = Automatic;
				CURRENT_PROJECT_VERSION = 1;
				GENERATE_INFOPLIST_FILE = YES;
				MARKETING_VERSION = 1.0;
				PRODUCT_BUNDLE_IDENTIFIER = "com.-MamaKitchenApp.MamaKitchenAppUITests";
				PRODUCT_NAME = "$(TARGET_NAME)";
				SWIFT_EMIT_LOC_STRINGS = NO;
				SWIFT_VERSION = 5.0;
				TARGETED_DEVICE_FAMILY = "1,2";
				TEST_TARGET_NAME = MamaKitchenApp;
			};
			name = Release;
		};
/* End XCBuildConfiguration section */

/* Begin XCConfigurationList section */
		A6E4C63928E107AD0072F108 /* Build configuration list for PBXProject "MamaKitchenApp" */ = {
			isa = XCConfigurationList;
			buildConfigurations = (
				A6E4C66628E107AF0072F108 /* Debug */,
				A6E4C66728E107AF0072F108 /* Release */,
			);
			defaultConfigurationIsVisible = 0;
			defaultConfigurationName = Release;
		};
		A6E4C66828E107AF0072F108 /* Build configuration list for PBXNativeTarget "MamaKitchenApp" */ = {
			isa = XCConfigurationList;
			buildConfigurations = (
				A6E4C66928E107AF0072F108 /* Debug */,
				A6E4C66A28E107AF0072F108 /* Release */,
			);
			defaultConfigurationIsVisible = 0;
			defaultConfigurationName = Release;
		};
		A6E4C66B28E107AF0072F108 /* Build configuration list for PBXNativeTarget "MamaKitchenAppTests" */ = {
			isa = XCConfigurationList;
			buildConfigurations = (
				A6E4C66C28E107AF0072F108 /* Debug */,
				A6E4C66D28E107AF0072F108 /* Release */,
			);
			defaultConfigurationIsVisible = 0;
			defaultConfigurationName = Release;
		};
		A6E4C66E28E107AF0072F108 /* Build configuration list for PBXNativeTarget "MamaKitchenAppUITests" */ = {
			isa = XCConfigurationList;
			buildConfigurations = (
				A6E4C66F28E107AF0072F108 /* Debug */,
				A6E4C67028E107AF0072F108 /* Release */,
			);
			defaultConfigurationIsVisible = 0;
			defaultConfigurationName = Release;
		};
/* End XCConfigurationList section */
	};
	rootObject = A6E4C63628E107AD0072F108 /* Project object */;
}
